{
  "name": "agents",
  "version": "1.0.0",
  "lockfileVersion": 3,
  "requires": true,
  "packages": {
    "": {
      "name": "agents",
      "version": "1.0.0",
      "license": "ISC",
      "dependencies": {
        "@apollo/space-kit": "^9.11.0",
        "@emotion/cache": "^11.14.0",
        "@emotion/core": "^11.0.0",
        "framer-motion": "^13.4.4"
      }
    },
    "node_modules/@apollo/space-kit": {
      "version": "9.11.0",
      "resolved": "https://registry.npmjs.org/@apollo/space-kit/-/space-kit-9.11.0.tgz",
      "integrity": "sha512-NY9zfWk6qtwzo2JjX01E8RSC1qeMxbpnWyfpyMb9VWiXJfNmmz77MozOmhv5bLHQ1zNPbi1ROprE4A0IWNLmjQ==",
      "license": "MIT",
      "dependencies": {
        "@babel/runtime": "^7.12.5",
        "@react-aria/focus": "^3.1.0",
        "@react-aria/switch": "^3.1.0",
        "@react-aria/utils": "^3.1.0",
        "@react-aria/visually-hidden": "^3.1.0",
        "@react-stately/toggle": "^3.1.0",
        "@tippyjs/react": "^4.2.0",
        "@types/classnames": "^2.2.9",
        "@types/lodash": "^4.14.157",
        "@types/tinycolor2": "^1.4.2",
        "classnames": "^2.2.6",
        "csstype": "^3.0.3",
        "downshift": "^6.0.6",
        "lodash": "*",
        "tinycolor2": "^1.4.1",
        "tslib": "^2.0.3",
        "use-deep-compare-effect": "^1.4.0"
      },
      "peerDependencies": {
        "@emotion/cache": ">10.0.29",
        "@emotion/core": ">10.1.0",
        "framer-motion": ">=1.6",
        "react": ">=16",
        "react-dom": ">=16"
      }
    },
    "node_modules/@babel/runtime": {
      "version": "7.29.7",
      "resolved": "https://registry.npmjs.org/@babel/runtime/-/runtime-7.29.7.tgz",
      "integrity": "sha512-Nq8OhGWiZIZGV6hLHoyAKLLcJihP/xFeBMGJoUrxTX2psI8dCifzLhZISFb+VWS3wFMRDmCGw5R+dOySCqPLhw==",
      "license": "MIT",
      "engines": {
        "node": ">=6.9.0"
      }
    },
    "node_modules/@emotion/cache": {
      "version": "11.14.0",
      "resolved": "https://registry.npmjs.org/@emotion/cache/-/cache-11.14.0.tgz",
      "integrity": "sha512-L/B1lc/TViYk4DcpGxtAVbx0ZyiKM5ktoIyafGkH6zg/tj+mA+NE//aPYKG0k8kCHSHVJrpLpcAlOBEXQ3SavA==",
      "license": "MIT",
      "dependencies": {
        "@emotion/memoize": "^0.9.0",
        "@emotion/sheet": "^1.4.0",
        "@emotion/utils": "^1.4.2",
        "@emotion/weak-memoize": "^0.4.0",
        "stylis": "4.2.0"
      }
    },
    "node_modules/@emotion/core": {
      "version": "11.0.0",
      "resolved": "https://registry.npmjs.org/@emotion/core/-/core-11.0.0.tgz",
      "integrity": "sha512-w4sE3AmHmyG6RDKf6mIbtHpgJUSJ2uGvPQb8VXFL7hFjMPibE8IiehG8cMX3Ztm4svfCQV6KqusQbeIOkurBcA==",
      "license": "MIT"
    },
    "node_modules/@emotion/memoize": {
      "version": "0.9.0",
      "resolved": "https://registry.npmjs.org/@emotion/memoize/-/memoize-0.9.0.tgz",
      "integrity": "sha512-30FAj7/EoJ5mwVPOWhAyCX+FPfMDrVecJAM+Iw9NRoSl4BBAQeqj4cApHHUXOVvIPgLVDsCFoz/hGD+5QQD1GQ==",
      "license": "MIT"
    },
    "node_modules/@emotion/sheet": {
      "version": "1.4.0",
      "resolved": "https://registry.npmjs.org/@emotion/sheet/-/sheet-1.4.0.tgz",
      "integrity": "sha512-fTBW9/8r2w3dXWYM4HCB1Rdp8NLibOw2+XELH5m5+AkWiL/KqYX6dc0kKYlaYyKjrQ6ds33MCdMPEwgs2z1rqg==",
      "license": "MIT"
    },
    "node_modules/@emotion/utils": {
      "version": "1.4.2",
      "resolved": "https://registry.npmjs.org/@emotion/utils/-/utils-1.4.2.tgz",
      "integrity": "sha512-3vLclRofFziIa3J2wDh9jjbkUz9qk5Vi3IZ/FSTKViB0k+ef0fPV7dYrUIugbgupYDx7v9ud/SjrtEP8Y4xLoA==",
      "license": "MIT"
    },
    "node_modules/@emotion/weak-memoize": {
      "version": "0.4.0",
      "resolved": "https://registry.npmjs.org/@emotion/weak-memoize/-/weak-memoize-0.4.0.tgz",
      "integrity": "sha512-snKqtPW01tN0ui7yu9rGv69aJXr/a/Ywvl11sUjNtEcRc+ng/mQriFL0wLXMef74iHa/EkftbDzU9F8iFbH+zg==",
      "license": "MIT"
    },
    "node_modules/@internationalized/date": {
      "version": "3.12.4",
      "resolved": "https://registry.npmjs.org/@internationalized/date/-/date-3.12.4.tgz",
      "integrity": "sha512-M1dEn4c1U1HsSlaVR8upZtSqvXrTkHDfv18H01uCSJyjVLDxnBR38v/fMxecmlwXKR4i9HeZcmgQAPE6A+aGJQ==",
      "license": "Apache-2.0",
      "dependencies": {
        "@swc/helpers": "^0.5.0"
      }
    },
    "node_modules/@internationalized/number": {
      "version": "3.6.8",
      "resolved": "https://registry.npmjs.org/@internationalized/number/-/number-3.6.8.tgz",
      "integrity": "sha512-8UmMFia46DUt+k97zKd9fKWXcWHR+k8ae3eYzILETuT2KbIvLyOfac7zesw+sJdRAAZ7Q9pM1Mk22aXp2LD0Ig==",
      "license": "Apache-2.0",
      "dependencies": {
        "@swc/helpers": "^0.5.0"
      }
    },
    "node_modules/@internationalized/string": {
      "version": "3.2.10",
      "resolved": "https://registry.npmjs.org/@internationalized/string/-/string-3.2.10.tgz",
      "integrity": "sha512-PDx6//vHSpRnHfxqMqto11zQvhsaU74O3mKv2F/0eicGZcl9NLjQmGlbHz/LsJh5tLKp4A4L7ZVTzN1/MmMTvA==",
      "license": "Apache-2.0",
      "dependencies": {
        "@swc/helpers": "^0.5.0"
      }
    },
    "node_modules/@popperjs/core": {
      "version": "2.11.8",
      "resolved": "https://registry.npmjs.org/@popperjs/core/-/core-2.11.8.tgz",
      "integrity": "sha512-P1st0aksCrn9sGZhp8GMYwBnQsbvAWsZAX44oXNNvLHGqAOcoVxmjZiohstwQ7SqKnbR47akdNi+uleWD8+g6A==",
      "license": "MIT",
      "funding": {
        "type": "opencollective",
        "url": "https://opencollective.com/popperjs"
      }
    },
    "node_modules/@react-aria/focus": {
      "version": "3.22.1",
      "resolved": "https://registry.npmjs.org/@react-aria/focus/-/focus-3.22.1.tgz",
      "integrity": "sha512-CPxtkyrBi/HYY5P3lE/57sQ6qfa0lN8E55TOm89H0kNGv0lKt+/0zP7lWERzBjRr5IxBVrQX4gFEowBN52LPaA==",
      "license": "Apache-2.0",
      "dependencies": {
        "@swc/helpers": "^0.5.0",
        "react-aria": "^3.48.0"
      },
      "peerDependencies": {
        "react": "^16.8.0 || ^17.0.0-rc.1 || ^18.0.0 || ^19.0.0-rc.1",
        "react-dom": "^16.8.0 || ^17.0.0-rc.1 || ^18.0.0 || ^19.0.0-rc.1"
      }
    },
    "node_modules/@react-aria/switch": {
      "version": "3.8.1",
      "resolved": "https://registry.npmjs.org/@react-aria/switch/-/switch-3.8.1.tgz",
      "integrity": "sha512-WzkJG3xJnBdd9rdBxG+0RgWdopAqwI61Ni4ZQtA2rgFuG9UpZIrhsL7qgFO/+R6oEgoeGAMeUlvCf97Ppj2uTg==",
      "license": "Apache-2.0",
      "dependencies": {
        "@swc/helpers": "^0.5.0",
        "react-aria": "^3.48.0"
      },
      "peerDependencies": {
        "react": "^16.8.0 || ^17.0.0-rc.1 || ^18.0.0 || ^19.0.0-rc.1",
        "react-dom": "^16.8.0 || ^17.0.0-rc.1 || ^18.0.0 || ^19.0.0-rc.1"
      }
    },
    "node_modules/@react-aria/utils": {
      "version": "3.34.1",
      "resolved": "https://registry.npmjs.org/@react-aria/utils/-/utils-3.34.1.tgz",
      "integrity": "sha512-H6+rGZL+0f58bBNaUMfctEnT+NogqwAk+nHiB8sR3K+YlQ37GTuCijy2U/pPvQtFMS5mURrjZeBH5JNNXsx14A==",
      "license": "Apache-2.0",
      "dependencies": {
        "@swc/helpers": "^0.5.0",
        "react-aria": "^3.48.0",
        "react-stately": "^3.46.0"
      },
      "peerDependencies": {
        "react": "^16.8.0 || ^17.0.0-rc.1 || ^18.0.0 || ^19.0.0-rc.1",
        "react-dom": "^16.8.0 || ^17.0.0-rc.1 || ^18.0.0 || ^19.0.0-rc.1"
      }
    },
    "node_modules/@react-aria/visually-hidden": {
      "version": "3.9.1",
      "resolved": "https://registry.npmjs.org/@react-aria/visually-hidden/-/visually-hidden-3.9.1.tgz",
      "integrity": "sha512-PWuth+NTmUiBJAIyrfk7dJ5BxOBupDt0iFGlBiYr5FElSYvwN9LAk1kgkzm6hT2qzq4FmYdQgBSPkGeaxOui6w==",
      "license": "Apache-2.0",
      "dependencies": {
        "@swc/helpers": "^0.5.0",
        "react-aria": "^3.48.0"
      },
      "peerDependencies": {
        "react": "^16.8.0 || ^17.0.0-rc.1 || ^18.0.0 || ^19.0.0-rc.1",
        "react-dom": "^16.8.0 || ^17.0.0-rc.1 || ^18.0.0 || ^19.0.0-rc.1"
      }
    },
    "node_modules/@react-stately/toggle": {
      "version": "3.10.1",
      "resolved": "https://registry.npmjs.org/@react-stately/toggle/-/toggle-3.10.1.tgz",
      "integrity": "sha512-oj4goolQJWdeQxRp8a1nZdsUjC779nvAU7pyT3oyWMWrxxrk0heW96TLWhdPjksvre8pLvjbRBbI2kgs8RxmOQ==",
      "license": "Apache-2.0",
      "dependencies": {
        "@swc/helpers": "^0.5.0",
        "react-stately": "^3.46.0"
      },
      "peerDependencies": {
        "react": "^16.8.0 || ^17.0.0-rc.1 || ^18.0.0 || ^19.0.0-rc.1",
        "react-dom": "^16.8.0 || ^17.0.0-rc.1 || ^18.0.0 || ^19.0.0-rc.1"
      }
    },
    "node_modules/@react-types/shared": {
      "version": "3.36.1",
      "resolved": "https://registry.npmjs.org/@react-types/shared/-/shared-3.36.1.tgz",
      "integrity": "sha512-AzsuD9OfxTOZMMvTRhlN3oHBwOmFN7tDh27LzqmHt4+uOgPhJT7ZM7/kVs/8/o0WxayMUIk3hBmCFRHv1FUoag==",
      "license": "Apache-2.0",
      "peerDependencies": {
        "react": "^16.8.0 || ^17.0.0-rc.1 || ^18.0.0 || ^19.0.0-rc.1"
      }
    },
    "node_modules/@swc/helpers": {
      "version": "0.5.23",
      "resolved": "https://registry.npmjs.org/@swc/helpers/-/helpers-0.5.23.tgz",
      "integrity": "sha512-5lSsMOTXURePglDfvuAQUqkGek9Hg2kksOYay2m0+XR++b2NWYL/4sWyuvVBIs8oKnJaxkdi9whaL/sqN13afw==",
      "license": "Apache-2.0",
      "dependencies": {
        "tslib": "^2.8.0"
      }
    },
    "node_modules/@tippyjs/react": {
      "version": "4.2.6",
      "resolved": "https://registry.npmjs.org/@tippyjs/react/-/react-4.2.6.tgz",
      "integrity": "sha512-91RicDR+H7oDSyPycI13q3b7o4O60wa2oRbjlz2fyRLmHImc4vyDwuUP8NtZaN0VARJY5hybvDYrFzhY9+Lbyw==",
      "license": "MIT",
      "dependencies": {
        "tippy.js": "^6.3.1"
      },
      "peerDependencies": {
        "react": ">=16.8",
        "react-dom": ">=16.8"
      }
    },
    "node_modules/@types/classnames": {
      "version": "2.3.0",
      "resolved": "https://registry.npmjs.org/@types/classnames/-/classnames-2.3.0.tgz",
      "integrity": "sha512-3GsbOoDYteFShlrBTKzI2Eii4vPg/jAf7LXRIn0WQePKlmhpkV0KoTMuawA7gZJkrbPrZGwv9IEAfIWaOaQK8w==",
      "license": "MIT",
      "dependencies": {
        "classnames": "*"
      }
    },
    "node_modules/@types/lodash": {
      "version": "4.17.25",
      "resolved": "https://registry.npmjs.org/@types/lodash/-/lodash-4.17.25.tgz",
      "integrity": "sha512-+K1NIO8I+F9/wNulfVvu23QYd0Pe9/OCqRrim4NoYIf1VoEDL90Ve4ClzpyqBLc7NpGGWRvYNCKZ1BE/Jpf8dQ==",
      "license": "MIT"
    },
    "node_modules/@types/tinycolor2": {
      "version": "1.4.6",
      "resolved": "https://registry.npmjs.org/@types/tinycolor2/-/tinycolor2-1.4.6.tgz",
      "integrity": "sha512-iEN8J0BoMnsWBqjVbWH/c0G0Hh7O21lpR2/+PrvAVgWdzL7eexIFm4JN/Wn10PTcmNdtS6U67r499mlWMXOxNw==",
      "license": "MIT"
    },
    "node_modules/aria-hidden": {
      "version": "1.2.6",
      "resolved": "https://registry.npmjs.org/aria-hidden/-/aria-hidden-1.2.6.tgz",
      "integrity": "sha512-ik3ZgC9dY/lYVVM++OISsaYDeg1tb0VtP5uL3ouh1koGOaUMDPpbFIei4JkFimWUFPn90sbMNMXQAIVOlnYKJA==",
      "license": "MIT",
      "dependencies": {
        "tslib": "^2.0.0"
      },
      "engines": {
        "node": ">=10"
      }
    },
    "node_modules/classnames": {
      "version": "2.5.1",
      "resolved": "https://registry.npmjs.org/classnames/-/classnames-2.5.1.tgz",
      "integrity": "sha512-saHYOzhIQs6wy2sVxTM6bUDsQO4F50V9RQ22qBpEdCW+I+/Wmke2HOl6lS6dTpdxVhb88/I6+Hs+438c3lfUow==",
      "license": "MIT"
    },
    "node_modules/clsx": {
      "version": "2.1.1",
      "resolved": "https://registry.npmjs.org/clsx/-/clsx-2.1.1.tgz",
      "integrity": "sha512-eYm0QWBtUrBWZWG0d386OGAw16Z995PiOVo2B7bjWSbHedGl5e0ZWaq65kOGgUSNesEIDkB9ISbTg/JK9dhCZA==",
      "license": "MIT",
      "engines": {
        "node": ">=6"
      }
    },
    "node_modules/compute-scroll-into-view": {
      "version": "1.0.20",
      "resolved": "https://registry.npmjs.org/compute-scroll-into-view/-/compute-scroll-into-view-1.0.20.tgz",
      "integrity": "sha512-UCB0ioiyj8CRjtrvaceBLqqhZCVP+1B8+NWQhmdsm0VXOJtobBCf1dBQmebCCo34qZmUwZfIH2MZLqNHazrfjg==",
      "license": "MIT"
    },
    "node_modules/csstype": {
      "version": "3.2.3",
      "resolved": "https://registry.npmjs.org/csstype/-/csstype-3.2.3.tgz",
      "integrity": "sha512-z1HGKcYy2xA8AGQfwrn0PAy+PB7X/GSj3UVJW9qKyn43xWa+gl5nXmU4qqLMRzWVLFC8KusUX8T/0kCiOYpAIQ==",
      "license": "MIT"
    },
    "node_modules/dequal": {
      "version": "2.0.3",
      "resolved": "https://registry.npmjs.org/dequal/-/dequal-2.0.3.tgz",
      "integrity": "sha512-0je+qPKHEMohvfRTCEo3CrPG6cAzAYgmzKyxRiYSSDkS6eGJdyVJm7WaYA5ECaAD9wLB2T4EEeymA5aFVcYXCA==",
      "license": "MIT",
      "engines": {
        "node": ">=6"
      }
    },
    "node_modules/downshift": {
      "version": "6.1.12",
      "resolved": "https://registry.npmjs.org/downshift/-/downshift-6.1.12.tgz",
      "integrity": "sha512-7XB/iaSJVS4T8wGFT3WRXmSF1UlBHAA40DshZtkrIscIN+VC+Lh363skLxFTvJwtNgHxAMDGEHT4xsyQFWL+UA==",
      "license": "MIT",
      "dependencies": {
        "@babel/runtime": "^7.14.8",
        "compute-scroll-into-view": "^1.0.17",
        "prop-types": "^15.7.2",
        "react-is": "^17.0.2",
        "tslib": "^2.3.0"
      },
      "peerDependencies": {
        "react": ">=16.12.0"
      }
    },
    "node_modules/framer-motion": {
      "version": "13.4.4",
      "resolved": "https://registry.npmjs.org/framer-motion/-/framer-motion-13.4.4.tgz",
      "integrity": "sha512-lbsZO95NGbulo6apz70zEt6Vxf/anoRwQI2ECEc/EQYWO5CGbITtl7plDW8P/VXgXw6e8wrbhH4a9i+ygke0Mg==",
      "license": "MIT",
      "dependencies": {
        "motion-dom": "^13.4.4",
        "motion-utils": "^13.3.0",
        "tslib": "^2.4.0"
      },
      "peerDependencies": {
        "react": "^18.0.0 || ^19.0.0",
        "react-dom": "^18.0.0 || ^19.0.0"
      },
      "peerDependenciesMeta": {
        "react": {
          "optional": true
        },
        "react-dom": {
          "optional": true
        }
      }
    },
    "node_modules/js-tokens": {
      "version": "4.0.0",
      "resolved": "https://registry.npmjs.org/js-tokens/-/js-tokens-4.0.0.tgz",
      "integrity": "sha512-RdJUflcE3cUzKiMqQgsCu06FPu9UdIJO0beYbPhHN4k6apgJtifcoCtT9bcxOpYBtpD2kCM6Sbzg4CausW/PKQ==",
      "license": "MIT"
    },
    "node_modules/lodash": {
      "version": "4.18.1",
      "resolved": "https://registry.npmjs.org/lodash/-/lodash-4.18.1.tgz",
      "integrity": "sha512-dMInicTPVE8d1e5otfwmmjlxkZoUpiVLwyeTdUsi/Caj/gfzzblBcCE5sRHV/AsjuCmxWrte2TNGSYuCeCq+0Q==",
      "license": "MIT"
    },
    "node_modules/loose-envify": {
      "version": "1.4.0",
      "resolved": "https://registry.npmjs.org/loose-envify/-/loose-envify-1.4.0.tgz",
      "integrity": "sha512-lyuxPGr/Wfhrlem2CL/UcnUc1zcqKAImBDzukY7Y5F/yQiNdko6+fRLevlw1HgMySw7f611UIY408EtxRSoK3Q==",
      "license": "MIT",
      "dependencies": {
        "js-tokens": "^3.0.0 || ^4.0.0"
      },
      "bin": {
        "loose-envify": "cli.js"
      }
    },
    "node_modules/motion-dom": {
      "version": "13.4.4",
      "resolved": "https://registry.npmjs.org/motion-dom/-/motion-dom-13.4.4.tgz",
      "integrity": "sha512-z2qN3RUABSci4G7cr5aHTFhqPNCWJsEMMfRlzxqtANQsSCIbVJmHvMV288m5x7doEQBTYbRTWbKdztmquCn4Sw==",
      "license": "MIT",
      "dependencies": {
        "motion-utils": "^13.3.0"
      }
    },
    "node_modules/motion-utils": {
      "version": "13.3.0",
      "resolved": "https://registry.npmjs.org/motion-utils/-/motion-utils-13.3.0.tgz",
      "integrity": "sha512-sgSschQp7EseHInIlR7hBbMuvet3RA0bs28KPZAXJcGKGdxHGvh1ogpYDilY3bOMtl73EqPNmp75sAKHYPU5sg==",
      "license": "MIT"
    },
    "node_modules/object-assign": {
      "version": "4.1.1",
      "resolved": "https://registry.npmjs.org/object-assign/-/object-assign-4.1.1.tgz",
      "integrity": "sha512-rJgTQnkUnH1sFw8yT6VSU3zD3sWmu6sZhIseY8VX+GRu3P6F7Fu+JNDoXfklElbLJSnc3FUQHVe4cU5hj+BcUg==",
      "license": "MIT",
      "engines": {
        "node": ">=0.10.0"
      }
    },
    "node_modules/prop-types": {
      "version": "15.8.1",
      "resolved": "https://registry.npmjs.org/prop-types/-/prop-types-15.8.1.tgz",
      "integrity": "sha512-oj87CgZICdulUohogVAR7AjlC0327U4el4L6eAvOqCeudMDVU0NThNaV+b9Df4dXgSP1gXMTnPdhfe/2qDH5cg==",
      "license": "MIT",
      "dependencies": {
        "loose-envify": "^1.4.0",
        "object-assign": "^4.1.1",
        "react-is": "^16.13.1"
      }
    },
    "node_modules/prop-types/node_modules/react-is": {
      "version": "16.13.1",
      "resolved": "https://registry.npmjs.org/react-is/-/react-is-16.13.1.tgz",
      "integrity": "sha512-24e6ynE2H+OKt4kqsOvNd8kBpV65zoxbA4BVsEOB3ARVWQki/DHzaUoC5KuON/BiccDaCCTZBuOcfZs70kR8bQ==",
      "license": "MIT"
    },
    "node_modules/react": {
      "version": "19.3.0",
      "resolved": "https://registry.npmjs.org/react/-/react-19.3.0.tgz",
      "integrity": "sha512-E8LUcbtBWt20bbl2YoHfx4ZDBdxVTfOKtCZn9cDSJ4l6/nuoApcpIBcj47t2wZoVX8g2ZHuMHbiShgCR1T5Sog==",
      "license": "MIT",
      "peer": true,
      "engines": {
        "node": ">=0.10.0"
      }
    },
    "node_modules/react-aria": {
      "version": "3.52.1",
      "resolved": "https://registry.npmjs.org/react-aria/-/react-aria-3.52.1.tgz",
      "integrity": "sha512-fdZZruC9/x/joCg0mhKGs5aHpwrXLCSZ4GOJmhhYyiE0ffyEsk9MLFt9LCOCF9tn8ErTD+UDQP4oDUSlZkmpCg==",
      "license": "Apache-2.0",
      "dependencies": {
        "@internationalized/date": "^3.12.4",
        "@internationalized/number": "^3.6.8",
        "@internationalized/string": "^3.2.10",
        "@react-types/shared": "^3.36.1",
        "@swc/helpers": "^0.5.0",
        "aria-hidden": "^1.2.3",
        "clsx": "^2.0.0",
        "react-stately": "3.50.0",
        "use-sync-external-store": "^1.6.0"
      },
      "peerDependencies": {
        "react": "^16.8.0 || ^17.0.0-rc.1 || ^18.0.0 || ^19.0.0-rc.1",
        "react-dom": "^16.8.0 || ^17.0.0-rc.1 || ^18.0.0 || ^19.0.0-rc.1"
      }
    },
    "node_modules/react-dom": {
      "version": "19.3.0",
      "resolved": "https://registry.npmjs.org/react-dom/-/react-dom-19.3.0.tgz",
      "integrity": "sha512-JDk8dgif51OjFoDE70+OT9ICyYr+69HlmihNwp1+Nsfbna3t5sIiCa9ZJktDmQ4/1b/rn26hIAR2uYXDMr5r0Q==",
      "license": "MIT",
      "peer": true,
      "dependencies": {
        "scheduler": "^0.28.0"
      },
      "peerDependencies": {
        "react": "^19.3.0"
      }
    },
    "node_modules/react-is": {
      "version": "17.0.2",
      "resolved": "https://registry.npmjs.org/react-is/-/react-is-17.0.2.tgz",
      "integrity": "sha512-w2GsyukL62IJnlaff/nRegPQR94C/XXamvMWmSHRJ4y7Ts/4ocGRmTHvOs8PSE6pB3dWOrD/nueuU5sduBsQ4w==",
      "license": "MIT"
    },
    "node_modules/react-stately": {
      "version": "3.50.0",
      "resolved": "https://registry.npmjs.org/react-stately/-/react-stately-3.50.0.tgz",
      "integrity": "sha512-TnckvpDQGU0672wEaLZqdzvhuSeXWjgW6vijMWxiKOxc8CosQUfPGISdcZyfHqjX3XMjEtRxj4w9HumvX4h4mw==",
      "license": "Apache-2.0",
      "dependencies": {
        "@internationalized/date": "^3.12.4",
        "@internationalized/number": "^3.6.8",
        "@internationalized/string": "^3.2.10",
        "@react-types/shared": "^3.36.1",
        "@swc/helpers": "^0.5.0",
        "use-sync-external-store": "^1.6.0"
      },
      "peerDependencies": {
        "react": "^16.8.0 || ^17.0.0-rc.1 || ^18.0.0 || ^19.0.0-rc.1"
      }
    },
    "node_modules/scheduler": {
      "version": "0.28.0",
      "resolved": "https://registry.npmjs.org/scheduler/-/scheduler-0.28.0.tgz",
      "integrity": "sha512-juorfCmIkIw8tT+p5BXSm6PJjQF/ycEYmKyzURCIt/RaZIhL+PulbQ9Yu2z1HdOJDdqDTlxA1+xKBmHXJsczAw==",
      "license": "MIT",
      "peer": true
    },
    "node_modules/stylis": {
      "version": "4.2.0",
      "resolved": "https://registry.npmjs.org/stylis/-/stylis-4.2.0.tgz",
      "integrity": "sha512-Orov6g6BB1sDfYgzWfTHDOxamtX1bE/zo104Dh9e6fqJ3PooipYyfJ0pUmrZO2wAvO8YbEyeFrkV91XTsGMSrw==",
      "license": "MIT"
    },
    "node_modules/tinycolor2": {
      "version": "1.6.0",
      "resolved": "https://registry.npmjs.org/tinycolor2/-/tinycolor2-1.6.0.tgz",
      "integrity": "sha512-XPaBkWQJdsf3pLKJV9p4qN/S+fm2Oj8AIPo1BTUhg5oxkvm9+SVEGFdhyOz7tTdUTfvxMiAs4sp6/eZO2Ew+pw==",
      "license": "MIT"
    },
    "node_modules/tippy.js": {
      "version": "6.3.7",
      "resolved": "https://registry.npmjs.org/tippy.js/-/tippy.js-6.3.7.tgz",
      "integrity": "sha512-E1d3oP2emgJ9dRQZdf3Kkn0qJgI6ZLpyS5z6ZkY1DF3kaQaBsGZsndEpHwx+eC+tYM41HaSNvNtLx8tU57FzTQ==",
      "license": "MIT",
      "dependencies": {
        "@popperjs/core": "^2.9.0"
      }
    },
    "node_modules/tslib": {
      "version": "2.8.1",
      "resolved": "https://registry.npmjs.org/tslib/-/tslib-2.8.1.tgz",
      "integrity": "sha512-oJFu94HQb+KVduSUQL7wnpmqnfmLsOA/nAh6b6EH0wCEoK0/mPeXU6c3wKDV83MkOuHPRHtSXKKU99IBazS/2w==",
      "license": "0BSD"
    },
    "node_modules/use-deep-compare-effect": {
      "version": "1.8.1",
      "resolved": "https://registry.npmjs.org/use-deep-compare-effect/-/use-deep-compare-effect-1.8.1.tgz",
      "integrity": "sha512-kbeNVZ9Zkc0RFGpfMN3MNfaKNvcLNyxOAAd9O4CBZ+kCBXXscn9s/4I+8ytUER4RDpEYs5+O6Rs4PqiZ+rHr5Q==",
      "license": "MIT",
      "dependencies": {
        "@babel/runtime": "^7.12.5",
        "dequal": "^2.0.2"
      },
      "engines": {
        "node": ">=10",
        "npm": ">=6"
      },
      "peerDependencies": {
        "react": ">=16.13"
      }
    },
    "node_modules/use-sync-external-store": {
      "version": "1.7.0",
      "resolved": "https://registry.npmjs.org/use-sync-external-store/-/use-sync-external-store-1.7.0.tgz",
      "integrity": "sha512-6L+EeigHMQhdaIPNIFUKwfWJSwWFQ8gJbJ2DLOs5sDIegTwR9fRxvnM3uciHKjIZhFz+KAv2emhWMRvDmMcY8A==",
      "license": "MIT",
      "peerDependencies": {
        "react": "^16.8.0 || ^17.0.0 || ^18.0.0 || ^19.0.0"
      }
    }
  }
}
